
Microsoft Visual Studio Solution File, Format Version 12.00
# Visual Studio 14
VisualStudioVersion = 14.0.24720.0
MinimumVisualStudioVersion = 10.0.40219.1
Project("{00D1A9C2-B5F0-4AF3-8072-F6C62B433612}") = "BarDB", "BarDB\BarDB.sqlproj", "{F6D2AE88-2AD1-4E9A-B722-7D04653407AA}"
EndProject
Project("{FAE04EC0-301F-11D3-BF4B-00C04F79EFBC}") = "BeatTheClock", "BeatTheClock\BeatTheClock.csproj", "{031E80ED-B413-461B-B1E7-B1AE6366B440}"
EndProject
Global
	GlobalSection(SolutionConfigurationPlatforms) = preSolution
		Debug|Any CPU = Debug|Any CPU
		Release|Any CPU = Release|Any CPU
	EndGlobalSection
	GlobalSection(ProjectConfigurationPlatforms) = postSolution
		{F6D2AE88-2AD1-4E9A-B722-7D04653407AA}.Debug|Any CPU.ActiveCfg = Debug|Any CPU
		{F6D2AE88-2AD1-4E9A-B722-7D04653407AA}.Debug|Any CPU.Build.0 = Debug|Any CPU
		{F6D2AE88-2AD1-4E9A-B722-7D04653407AA}.Debug|Any CPU.Deploy.0 = Debug|Any CPU
		{F6D2AE88-2AD1-4E9A-B722-7D04653407AA}.Release|Any CPU.ActiveCfg = Release|Any CPU
		{F6D2AE88-2AD1-4E9A-B722-7D04653407AA}.Release|Any CPU.Build.0 = Release|Any CPU
		{F6D2AE88-2AD1-4E9A-B722-7D04653407AA}.Release|Any CPU.Deploy.0 = Release|Any CPU
		{031E80ED-B413-461B-B1E7-B1AE6366B440}.Debug|Any CPU.ActiveCfg = Debug|Any CPU
		{031E80ED-B413-461B-B1E7-B1AE6366B440}.Debug|Any CPU.Build.0 = Debug|Any CPU
		{031E80ED-B413-461B-B1E7-B1AE6366B440}.Release|Any CPU.ActiveCfg = Release|Any CPU
		{031E80ED-B413-461B-B1E7-B1AE6366B440}.Release|Any CPU.Build.0 = Release|Any CPU
	EndGlobalSection
	GlobalSection(SolutionProperties) = preSolution
		HideSolutionNode = FALSE
	EndGlobalSection
EndGlobal
